// !$*UTF8*$!
{
	archiveVersion = 1;
	classes = {
	};
	objectVersion = 46;
	objects = {

/* Begin PBXBuildFile section */
		848B47DB1AAA2539001F9F53 /* DetailViewController.swift in Sources */ = {isa = PBXBuildFile; fileRef = 848B47DA1AAA2539001F9F53 /* DetailViewController.swift */; };
		84CD49B71AA8D3C000D0FBA5 /* AppDelegate.swift in Sources */ = {isa = PBXBuildFile; fileRef = 84CD49B61AA8D3C000D0FBA5 /* AppDelegate.swift */; };
		84CD49B91AA8D3C000D0FBA5 /* MainViewController.swift in Sources */ = {isa = PBXBuildFile; fileRef = 84CD49B81AA8D3C000D0FBA5 /* MainViewController.swift */; };
		84CD49BC1AA8D3C000D0FBA5 /* Main.storyboard in Resources */ = {isa = PBXBuildFile; fileRef = 84CD49BA1AA8D3C000D0FBA5 /* Main.storyboard */; };
		84CD49BE1AA8D3C000D0FBA5 /* Images.xcassets in Resources */ = {isa = PBXBuildFile; fileRef = 84CD49BD1AA8D3C000D0FBA5 /* Images.xcassets */; };
		84CD49C11AA8D3C000D0FBA5 /* LaunchScreen.xib in Resources */ = {isa = PBXBuildFile; fileRef = 84CD49BF1AA8D3C000D0FBA5 /* LaunchScreen.xib */; };
		84CD49CD1AA8D3C000D0FBA5 /* daisyeduTests.swift in Sources */ = {isa = PBXBuildFile; fileRef = 84CD49CC1AA8D3C000D0FBA5 /* daisyeduTests.swift */; };
		84CD49D71AA8D51100D0FBA5 /* ServerConnector.swift in Sources */ = {isa = PBXBuildFile; fileRef = 84CD49D61AA8D51100D0FBA5 /* ServerConnector.swift */; };
		84CD49EC1AA8DC5900D0FBA5 /* DataScheme.swift in Sources */ = {isa = PBXBuildFile; fileRef = 84CD49EB1AA8DC5900D0FBA5 /* DataScheme.swift */; };
/* End PBXBuildFile section */

/* Begin PBXContainerItemProxy section */
		84CD49C71AA8D3C000D0FBA5 /* PBXContainerItemProxy */ = {
			isa = PBXContainerItemProxy;
			containerPortal = 84CD49A91AA8D3C000D0FBA5 /* Project object */;
			proxyType = 1;
			remoteGlobalIDString = 84CD49B01AA8D3C000D0FBA5;
			remoteInfo = daisyedu;
		};
/* End PBXContainerItemProxy section */

/* Begin PBXFileReference section */
		848B47DA1AAA2539001F9F53 /* DetailViewController.swift */ = {isa = PBXFileReference; fileEncoding = 4; lastKnownFileType = sourcecode.swift; path = DetailViewController.swift; sourceTree = "<group>"; };
		84CD49B11AA8D3C000D0FBA5 /* daisyedu.app */ = {isa = PBXFileReference; explicitFileType = wrapper.application; includeInIndex = 0; path = daisyedu.app; sourceTree = BUILT_PRODUCTS_DIR; };
		84CD49B51AA8D3C000D0FBA5 /* Info.plist */ = {isa = PBXFileReference; lastKnownFileType = text.plist.xml; path = Info.plist; sourceTree = "<group>"; };
		84CD49B61AA8D3C000D0FBA5 /* AppDelegate.swift */ = {isa = PBXFileReference; lastKnownFileType = sourcecode.swift; path = AppDelegate.swift; sourceTree = "<group>"; };
		84CD49B81AA8D3C000D0FBA5 /* MainViewController.swift */ = {isa = PBXFileReference; lastKnownFileType = sourcecode.swift; path = MainViewController.swift; sourceTree = "<group>"; };
		84CD49BB1AA8D3C000D0FBA5 /* Base */ = {isa = PBXFileReference; lastKnownFileType = file.storyboard; name = Base; path = Base.lproj/Main.storyboard; sourceTree = "<group>"; };
		84CD49BD1AA8D3C000D0FBA5 /* Images.xcassets */ = {isa = PBXFileReference; lastKnownFileType = folder.assetcatalog; path = Images.xcassets; sourceTree = "<group>"; };
		84CD49C01AA8D3C000D0FBA5 /* Base */ = {isa = PBXFileReference; lastKnownFileType = file.xib; name = Base; path = Base.lproj/LaunchScreen.xib; sourceTree = "<group>"; };
		84CD49C61AA8D3C000D0FBA5 /* daisyeduTests.xctest */ = {isa = PBXFileReference; explicitFileType = wrapper.cfbundle; includeInIndex = 0; path = daisyeduTests.xctest; sourceTree = BUILT_PRODUCTS_DIR; };
		84CD49CB1AA8D3C000D0FBA5 /* Info.plist */ = {isa = PBXFileReference; lastKnownFileType = text.plist.xml; path = Info.plist; sourceTree = "<group>"; };
		84CD49CC1AA8D3C000D0FBA5 /* daisyeduTests.swift */ = {isa = PBXFileReference; lastKnownFileType = sourcecode.swift; path = daisyeduTests.swift; sourceTree = "<group>"; };
		84CD49D61AA8D51100D0FBA5 /* ServerConnector.swift */ = {isa = PBXFileReference; fileEncoding = 4; lastKnownFileType = sourcecode.swift; path = ServerConnector.swift; sourceTree = "<group>"; };
		84CD49EB1AA8DC5900D0FBA5 /* DataScheme.swift */ = {isa = PBXFileReference; fileEncoding = 4; lastKnownFileType = sourcecode.swift; path = DataScheme.swift; sourceTree = "<group>"; };
/* End PBXFileReference section */

/* Begin PBXFrameworksBuildPhase section */
		84CD49AE1AA8D3C000D0FBA5 /* Frameworks */ = {
			isa = PBXFrameworksBuildPhase;
			buildActionMask = 2147483647;
			files = (
			);
			runOnlyForDeploymentPostprocessing = 0;
		};
		84CD49C31AA8D3C000D0FBA5 /* Frameworks */ = {
			isa = PBXFrameworksBuildPhase;
			buildActionMask = 2147483647;
			files = (
			);
			runOnlyForDeploymentPostprocessing = 0;
		};
/* End PBXFrameworksBuildPhase section */

/* Begin PBXGroup section */
		84CD49A81AA8D3C000D0FBA5 = {
			isa = PBXGroup;
			children = (
				84CD49B31AA8D3C000D0FBA5 /* daisyedu */,
				84CD49C91AA8D3C000D0FBA5 /* daisyeduTests */,
				84CD49B21AA8D3C000D0FBA5 /* Products */,
			);
			sourceTree = "<group>";
		};
		84CD49B21AA8D3C000D0FBA5 /* Products */ = {
			isa = PBXGroup;
			children = (
				84CD49B11AA8D3C000D0FBA5 /* daisyedu.app */,
				84CD49C61AA8D3C000D0FBA5 /* daisyeduTests.xctest */,
			);
			name = Products;
			sourceTree = "<group>";
		};
		84CD49B31AA8D3C000D0FBA5 /* daisyedu */ = {
			isa = PBXGroup;
			children = (
				84CD49B61AA8D3C000D0FBA5 /* AppDelegate.swift */,
				84CD49B81AA8D3C000D0FBA5 /* MainViewController.swift */,
				848B47DA1AAA2539001F9F53 /* DetailViewController.swift */,
				84CD49BA1AA8D3C000D0FBA5 /* Main.storyboard */,
				84CD49BD1AA8D3C000D0FBA5 /* Images.xcassets */,
				84CD49BF1AA8D3C000D0FBA5 /* LaunchScreen.xib */,
				84CD49B41AA8D3C000D0FBA5 /* Supporting Files */,
				84CD49D61AA8D51100D0FBA5 /* ServerConnector.swift */,
				84CD49EB1AA8DC5900D0FBA5 /* DataScheme.swift */,
			);
			path = daisyedu;
			sourceTree = "<group>";
		};
		84CD49B41AA8D3C000D0FBA5 /* Supporting Files */ = {
			isa = PBXGroup;
			children = (
				84CD49B51AA8D3C000D0FBA5 /* Info.plist */,
			);
			name = "Supporting Files";
			sourceTree = "<group>";
		};
		84CD49C91AA8D3C000D0FBA5 /* daisyeduTests */ = {
			isa = PBXGroup;
			children = (
				84CD49CC1AA8D3C000D0FBA5 /* daisyeduTests.swift */,
				84CD49CA1AA8D3C000D0FBA5 /* Supporting Files */,
			);
			path = daisyeduTests;
			sourceTree = "<group>";
		};
		84CD49CA1AA8D3C000D0FBA5 /* Supporting Files */ = {
			isa = PBXGroup;
			children = (
				84CD49CB1AA8D3C000D0FBA5 /* Info.plist */,
			);
			name = "Supporting Files";
			sourceTree = "<group>";
		};
/* End PBXGroup section */

/* Begin PBXNativeTarget section */
		84CD49B01AA8D3C000D0FBA5 /* daisyedu */ = {
			isa = PBXNativeTarget;
			buildConfigurationList = 84CD49D01AA8D3C000D0FBA5 /* Build configuration list for PBXNativeTarget "daisyedu" */;
			buildPhases = (
				84CD49AD1AA8D3C000D0FBA5 /* Sources */,
				84CD49AE1AA8D3C000D0FBA5 /* Frameworks */,
				84CD49AF1AA8D3C000D0FBA5 /* Resources */,
			);
			buildRules = (
			);
			dependencies = (
			);
			name = daisyedu;
			productName = daisyedu;
			productReference = 84CD49B11AA8D3C000D0FBA5 /* daisyedu.app */;
			productType = "com.apple.product-type.application";
		};
		84CD49C51AA8D3C000D0FBA5 /* daisyeduTests */ = {
			isa = PBXNativeTarget;
			buildConfigurationList = 84CD49D31AA8D3C000D0FBA5 /* Build configuration list for PBXNativeTarget "daisyeduTests" */;
			buildPhases = (
				84CD49C21AA8D3C000D0FBA5 /* Sources */,
				84CD49C31AA8D3C000D0FBA5 /* Frameworks */,
				84CD49C41AA8D3C000D0FBA5 /* Resources */,
			);
			buildRules = (
			);
			dependencies = (
				84CD49C81AA8D3C000D0FBA5 /* PBXTargetDependency */,
			);
			name = daisyeduTests;
			productName = daisyeduTests;
			productReference = 84CD49C61AA8D3C000D0FBA5 /* daisyeduTests.xctest */;
			productType = "com.apple.product-type.bundle.unit-test";
		};
/* End PBXNativeTarget section */

/* Begin PBXProject section */
		84CD49A91AA8D3C000D0FBA5 /* Project object */ = {
			isa = PBXProject;
			attributes = {
				LastUpgradeCheck = 0610;
				ORGANIZATIONNAME = "Максим Чистов";
				TargetAttributes = {
					84CD49B01AA8D3C000D0FBA5 = {
						CreatedOnToolsVersion = 6.1;
						DevelopmentTeam = LP7FP795XW;
					};
					84CD49C51AA8D3C000D0FBA5 = {
						CreatedOnToolsVersion = 6.1;
						TestTargetID = 84CD49B01AA8D3C000D0FBA5;
					};
				};
			};
			buildConfigurationList = 84CD49AC1AA8D3C000D0FBA5 /* Build configuration list for PBXProject "daisyedu" */;
			compatibilityVersion = "Xcode 3.2";
			developmentRegion = English;
			hasScannedForEncodings = 0;
			knownRegions = (
				en,
				Base,
			);
			mainGroup = 84CD49A81AA8D3C000D0FBA5;
			productRefGroup = 84CD49B21AA8D3C000D0FBA5 /* Products */;
			projectDirPath = "";
			projectRoot = "";
			targets = (
				84CD49B01AA8D3C000D0FBA5 /* daisyedu */,
				84CD49C51AA8D3C000D0FBA5 /* daisyeduTests */,
			);
		};
/* End PBXProject section */

/* Begin PBXResourcesBuildPhase section */
		84CD49AF1AA8D3C000D0FBA5 /* Resources */ = {
			isa = PBXResourcesBuildPhase;
			buildActionMask = 2147483647;
			files = (
				84CD49BC1AA8D3C000D0FBA5 /* Main.storyboard in Resources */,
				84CD49C11AA8D3C000D0FBA5 /* LaunchScreen.xib in Resources */,
				84CD49BE1AA8D3C000D0FBA5 /* Images.xcassets in Resources */,
			);
			runOnlyForDeploymentPostprocessing = 0;
		};
		84CD49C41AA8D3C000D0FBA5 /* Resources */ = {
			isa = PBXResourcesBuildPhase;
			buildActionMask = 2147483647;
			files = (
			);
			runOnlyForDeploymentPostprocessing = 0;
		};
/* End PBXResourcesBuildPhase section */

/* Begin PBXSourcesBuildPhase section */
		84CD49AD1AA8D3C000D0FBA5 /* Sources */ = {
			isa = PBXSourcesBuildPhase;
			buildActionMask = 2147483647;
			files = (
				84CD49B91AA8D3C000D0FBA5 /* MainViewController.swift in Sources */,
				84CD49D71AA8D51100D0FBA5 /* ServerConnector.swift in Sources */,
				848B47DB1AAA2539001F9F53 /* DetailViewController.swift in Sources */,
				84CD49EC1AA8DC5900D0FBA5 /* DataScheme.swift in Sources */,
				84CD49B71AA8D3C000D0FBA5 /* AppDelegate.swift in Sources */,
			);
			runOnlyForDeploymentPostprocessing = 0;
		};
		84CD49C21AA8D3C000D0FBA5 /* Sources */ = {
			isa = PBXSourcesBuildPhase;
			buildActionMask = 2147483647;
			files = (
				84CD49CD1AA8D3C000D0FBA5 /* daisyeduTests.swift in Sources */,
			);
			runOnlyForDeploymentPostprocessing = 0;
		};
/* End PBXSourcesBuildPhase section */

/* Begin PBXTargetDependency section */
		84CD49C81AA8D3C000D0FBA5 /* PBXTargetDependency */ = {
			isa = PBXTargetDependency;
			target = 84CD49B01AA8D3C000D0FBA5 /* daisyedu */;
			targetProxy = 84CD49C71AA8D3C000D0FBA5 /* PBXContainerItemProxy */;
		};
/* End PBXTargetDependency section */

/* Begin PBXVariantGroup section */
		84CD49BA1AA8D3C000D0FBA5 /* Main.storyboard */ = {
			isa = PBXVariantGroup;
			children = (
				84CD49BB1AA8D3C000D0FBA5 /* Base */,
			);
			name = Main.storyboard;
			sourceTree = "<group>";
		};
		84CD49BF1AA8D3C000D0FBA5 /* LaunchScreen.xib */ = {
			isa = PBXVariantGroup;
			children = (
				84CD49C01AA8D3C000D0FBA5 /* Base */,
			);
			name = LaunchScreen.xib;
			sourceTree = "<group>";
		};
/* End PBXVariantGroup section */

/* Begin XCBuildConfiguration section */
		84CD49CE1AA8D3C000D0FBA5 /* Debug */ = {
			isa = XCBuildConfiguration;
			buildSettings = {
				ALWAYS_SEARCH_USER_PATHS = NO;
				CLANG_CXX_LANGUAGE_STANDARD = "gnu++0x";
				CLANG_CXX_LIBRARY = "libc++";
				CLANG_ENABLE_MODULES = YES;
				CLANG_ENABLE_OBJC_ARC = YES;
				CLANG_WARN_BOOL_CONVERSION = YES;
				CLANG_WARN_CONSTANT_CONVERSION = YES;
				CLANG_WARN_DIRECT_OBJC_ISA_USAGE = YES_ERROR;
				CLANG_WARN_EMPTY_BODY = YES;
				CLANG_WARN_ENUM_CONVERSION = YES;
				CLANG_WARN_INT_CONVERSION = YES;
				CLANG_WARN_OBJC_ROOT_CLASS = YES_ERROR;
				CLANG_WARN_UNREACHABLE_CODE = YES;
				CLANG_WARN__DUPLICATE_METHOD_MATCH = YES;
				"CODE_SIGN_IDENTITY[sdk=iphoneos*]" = "iPhone Developer";
				COPY_PHASE_STRIP = NO;
				ENABLE_STRICT_OBJC_MSGSEND = YES;
				GCC_C_LANGUAGE_STANDARD = gnu99;
				GCC_DYNAMIC_NO_PIC = NO;
				GCC_OPTIMIZATION_LEVEL = 0;
				GCC_PREPROCESSOR_DEFINITIONS = (
					"DEBUG=1",
					"$(inherited)",
				);
				GCC_SYMBOLS_PRIVATE_EXTERN = NO;
				GCC_WARN_64_TO_32_BIT_CONVERSION = YES;
				GCC_WARN_ABOUT_RETURN_TYPE = YES_ERROR;
				GCC_WARN_UNDECLARED_SELECTOR = YES;
				GCC_WARN_UNINITIALIZED_AUTOS = YES_AGGRESSIVE;
				GCC_WARN_UNUSED_FUNCTION = YES;
				GCC_WARN_UNUSED_VARIABLE = YES;
				IPHONEOS_DEPLOYMENT_TARGET = 8.1;
				MTL_ENABLE_DEBUG_INFO = YES;
				ONLY_ACTIVE_ARCH = YES;
				SDKROOT = iphoneos;
				SWIFT_OPTIMIZATION_LEVEL = "-Onone";
				TARGETED_DEVICE_FAMILY = "1,2";
			};
			name = Debug;
		};
		84CD49CF1AA8D3C000D0FBA5 /* Release */ = {
			isa = XCBuildConfiguration;
			buildSettings = {
				ALWAYS_SEARCH_USER_PATHS = NO;
				CLANG_CXX_LANGUAGE_STANDARD = "gnu++0x";
				CLANG_CXX_LIBRARY = "libc++";
				CLANG_ENABLE_MODULES = YES;
				CLANG_ENABLE_OBJC_ARC = YES;
				CLANG_WARN_BOOL_CONVERSION = YES;
				CLANG_WARN_CONSTANT_CONVERSION = YES;
				CLANG_WARN_DIRECT_OBJC_ISA_USAGE = YES_ERROR;
				CLANG_WARN_EMPTY_BODY = YES;
				CLANG_WARN_ENUM_CONVERSION = YES;
				CLANG_WARN_INT_CONVERSION = YES;
				CLANG_WARN_OBJC_ROOT_CLASS = YES_ERROR;
				CLANG_WARN_UNREACHABLE_CODE = YES;
				CLANG_WARN__DUPLICATE_METHOD_MATCH = YES;
				"CODE_SIGN_IDENTITY[sdk=iphoneos*]" = "iPhone Developer";
				COPY_PHASE_STRIP = YES;
				ENABLE_NS_ASSERTIONS = NO;
				ENABLE_STRICT_OBJC_MSGSEND = YES;
				GCC_C_LANGUAGE_STANDARD = gnu99;
				GCC_WARN_64_TO_32_BIT_CONVERSION = YES;
				GCC_WARN_ABOUT_RETURN_TYPE = YES_ERROR;
				GCC_WARN_UNDECLARED_SELECTOR = YES;
				GCC_WARN_UNINITIALIZED_AUTOS = YES_AGGRESSIVE;
				GCC_WARN_UNUSED_FUNCTION = YES;
				GCC_WARN_UNUSED_VARIABLE = YES;
				IPHONEOS_DEPLOYMENT_TARGET = 8.1;
				MTL_ENABLE_DEBUG_INFO = NO;
				SDKROOT = iphoneos;
				TARGETED_DEVICE_FAMILY = "1,2";
				VALIDATE_PRODUCT = YES;
			};
			name = Release;
		};
		84CD49D11AA8D3C000D0FBA5 /* Debug */ = {
			isa = XCBuildConfiguration;
			buildSettings = {
				ASSETCATALOG_COMPILER_APPICON_NAME = AppIcon;
				CODE_SIGN_IDENTITY = "iPhone Developer";
				INFOPLIST_FILE = daisyedu/Info.plist;
				LD_RUNPATH_SEARCH_PATHS = "$(inherited) @executable_path/Frameworks";
				PRODUCT_NAME = "$(TARGET_NAME)";
			};
			name = Debug;
		};
		84CD49D21AA8D3C000D0FBA5 /* Release */ = {
			isa = XCBuildConfiguration;
			buildSettings = {
				ASSETCATALOG_COMPILER_APPICON_NAME = AppIcon;
				CODE_SIGN_IDENTITY = "iPhone Developer";
				INFOPLIST_FILE = daisyedu/Info.plist;
				LD_RUNPATH_SEARCH_PATHS = "$(inherited) @executable_path/Frameworks";
				PRODUCT_NAME = "$(TARGET_NAME)";
			};
			name = Release;
		};
		84CD49D41AA8D3C000D0FBA5 /* Debug */ = {
			isa = XCBuildConfiguration;
			buildSettings = {
				BUNDLE_LOADER = "$(TEST_HOST)";
				FRAMEWORK_SEARCH_PATHS = (
					"$(SDKROOT)/Developer/Library/Frameworks",
					"$(inherited)",
				);
				GCC_PREPROCESSOR_DEFINITIONS = (
					"DEBUG=1",
					"$(inherited)",
				);
				INFOPLIST_FILE = daisyeduTests/Info.plist;
				LD_RUNPATH_SEARCH_PATHS = "$(inherited) @executable_path/Frameworks @loader_path/Frameworks";
				PRODUCT_NAME = "$(TARGET_NAME)";
				TEST_HOST = "$(BUILT_PRODUCTS_DIR)/daisyedu.app/daisyedu";
			};
			name = Debug;
		};
		84CD49D51AA8D3C000D0FBA5 /* Release */ = {
			isa = XCBuildConfiguration;
			buildSettings = {
				BUNDLE_LOADER = "$(TEST_HOST)";
				FRAMEWORK_SEARCH_PATHS = (
					"$(SDKROOT)/Developer/Library/Frameworks",
					"$(inherited)",
				);
				INFOPLIST_FILE = daisyeduTests/Info.plist;
				LD_RUNPATH_SEARCH_PATHS = "$(inherited) @executable_path/Frameworks @loader_path/Frameworks";
				PRODUCT_NAME = "$(TARGET_NAME)";
				TEST_HOST = "$(BUILT_PRODUCTS_DIR)/daisyedu.app/daisyedu";
			};
			name = Release;
		};
/* End XCBuildConfiguration section */

/* Begin XCConfigurationList section */
		84CD49AC1AA8D3C000D0FBA5 /* Build configuration list for PBXProject "daisyedu" */ = {
			isa = XCConfigurationList;
			buildConfigurations = (
				84CD49CE1AA8D3C000D0FBA5 /* Debug */,
				84CD49CF1AA8D3C000D0FBA5 /* Release */,
			);
			defaultConfigurationIsVisible = 0;
			defaultConfigurationName = Release;
		};
		84CD49D01AA8D3C000D0FBA5 /* Build configuration list for PBXNativeTarget "daisyedu" */ = {
			isa = XCConfigurationList;
			buildConfigurations = (
				84CD49D11AA8D3C000D0FBA5 /* Debug */,
				84CD49D21AA8D3C000D0FBA5 /* Release */,
			);
			defaultConfigurationIsVisible = 0;
			defaultConfigurationName = Release;
		};
		84CD49D31AA8D3C000D0FBA5 /* Build configuration list for PBXNativeTarget "daisyeduTests" */ = {
			isa = XCConfigurationList;
			buildConfigurations = (
				84CD49D41AA8D3C000D0FBA5 /* Debug */,
				84CD49D51AA8D3C000D0FBA5 /* Release */,
			);
			defaultConfigurationIsVisible = 0;
			defaultConfigurationName = Release;
		};
/* End XCConfigurationList section */
	};
	rootObject = 84CD49A91AA8D3C000D0FBA5 /* Project object */;
}
